{6441643574: {'text': 587, 'img': 170, 'subscribe': 'premium'}, 6379570487: {'text': 39, 'img': 6, 'subscribe': 'free'}, 5166325660: {'text': 0, 'img': 3, 'subscribe': 'free'}, 1862126138: {'text': 14, 'img': 2, 'subscribe': 'free'}, 1598526068: {'text': 3, 'img': 5, 'subscribe': 'free'}, 5801167824: {'text': 1, 'img': 2, 'subscribe': 'free'}, 5732530681: {'text': 2, 'img': 1, 'subscribe': 'free'}, 5325613163: {'text': 15, 'img': 6, 'subscribe': 'free'}, 6527471403: {'text': 3, 'img': 0, 'subscribe': 'free'}}